# THIS IS AN AUTOGENERATED FILE. DO NOT EDIT THIS FILE DIRECTLY.
# yarn lockfile v1


"@types/node@*":
  version "11.13.8"
  resolved "https://registry.yarnpkg.com/@types/node/-/node-11.13.8.tgz#e5d71173c95533be9842b2c798978f095f912aab"
  integrity sha512-szA3x/3miL90ZJxUCzx9haNbK5/zmPieGraZEe4WI+3srN0eGLiT22NXeMHmyhNEopn+IrxqMc7wdVwvPl8meg==

"@types/node@^11.9.3":
  version "11.9.3"
  resolved "https://registry.yarnpkg.com/@types/node/-/node-11.9.3.tgz#14adbb5ab8cd563f549fbae8dbe92e0b7d6e76cc"
  integrity sha512-DMiqG51GwES/c4ScBY0u5bDlH44+oY8AeYHjY1SGCWidD7h08o1dfHue/TGK7REmif2KiJzaUskO+Q0eaeZ2fQ==

"@types/uuid@^3.4.4":
  version "3.4.4"
  resolved "https://registry.yarnpkg.com/@types/uuid/-/uuid-3.4.4.tgz#7af69360fa65ef0decb41fd150bf4ca5c0cefdf5"
  integrity sha512-tPIgT0GUmdJQNSHxp0X2jnpQfBSTfGxUMc/2CXBU2mnyTFVYVa2ojpoQ74w0U2yn2vw3jnC640+77lkFFpdVDw==
  dependencies:
    "@types/node" "*"

axios@^0.18.0:
  version "0.18.0"
  resolved "https://registry.yarnpkg.com/axios/-/axios-0.18.0.tgz#32d53e4851efdc0a11993b6cd000789d70c05102"
  integrity sha1-MtU+SFHv3AoRmTts0AB4nXDAUQI=
  dependencies:
    follow-redirects "^1.3.0"
    is-buffer "^1.1.5"

benchmark@^2.1.4:
  version "2.1.4"
  resolved "https://registry.yarnpkg.com/benchmark/-/benchmark-2.1.4.tgz#09f3de31c916425d498cc2ee565a0ebf3c2a5629"
  integrity sha1-CfPeMckWQl1JjMLuVloOvzwqVik=
  dependencies:
    lodash "^4.17.4"
    platform "^1.3.3"

debug@=3.1.0:
  version "3.1.0"
  resolved "https://registry.yarnpkg.com/debug/-/debug-3.1.0.tgz#5bb5a0672628b64149566ba16819e61518c67261"
  dependencies:
    ms "2.0.0"

follow-redirects@^1.3.0:
  version "1.5.10"
  resolved "https://registry.yarnpkg.com/follow-redirects/-/follow-redirects-1.5.10.tgz#7b7a9f9aea2fdff36786a94ff643ed07f4ff5e2a"
  dependencies:
    debug "=3.1.0"

fp-ts@^1.14.2:
  version "1.14.2"
  resolved "https://registry.yarnpkg.com/fp-ts/-/fp-ts-1.14.2.tgz#fba81c42d4c1662ef38fd9fddd09ae988c589d53"
  integrity sha512-QatIz/9KZsVsf/VXpzAXC9K2wjVJuT3fHSyIFhSLa8ApmqzcRDxKe0oNv75cY2cObywN5ekzfa3dLFqTJYnf+Q==

human-readable-ids@^1.0.4:
  version "1.0.4"
  resolved "https://registry.yarnpkg.com/human-readable-ids/-/human-readable-ids-1.0.4.tgz#41b3a2a6966636e104e41e0673b984b36dfde202"
  integrity sha512-h1zwThTims8A/SpqFGWyTx+jG1+WRMJaEeZgbtPGrIpj2AZjsOgy8Y+iNzJ0yAyN669Q6F02EK66WMWcst+2FA==
  dependencies:
    knuth-shuffle "^1.0.0"

is-buffer@^1.1.5:
  version "1.1.6"
  resolved "https://registry.yarnpkg.com/is-buffer/-/is-buffer-1.1.6.tgz#efaa2ea9daa0d7ab2ea13a97b2b8ad51fefbe8be"

knuth-shuffle@^1.0.0:
  version "1.0.8"
  resolved "https://registry.yarnpkg.com/knuth-shuffle/-/knuth-shuffle-1.0.8.tgz#929a467b0efd8d297bdcf318ca988a9f1037f80d"
  integrity sha512-IdC4Hpp+mx53zTt6VAGsAtbGM0g4BV9fP8tTcviCosSwocHcRDw9uG5Rnv6wLWckF4r72qeXFoK9NkvV1gUJCQ==

lodash@^4.17.4:
  version "4.17.11"
  resolved "https://registry.yarnpkg.com/lodash/-/lodash-4.17.11.tgz#b39ea6229ef607ecd89e2c8df12536891cac9b8d"
  integrity sha512-cQKh8igo5QUhZ7lg38DYWAxMvjSAKG0A8wGSVimP07SIUEK2UO+arSRKbRZWtelMtN5V0Hkwh5ryOto/SshYIg==

ms@2.0.0:
  version "2.0.0"
  resolved "https://registry.yarnpkg.com/ms/-/ms-2.0.0.tgz#5608aeadfc00be6c2901df5f9861788de0d597c8"

platform@^1.3.3:
  version "1.3.5"
  resolved "https://registry.yarnpkg.com/platform/-/platform-1.3.5.tgz#fb6958c696e07e2918d2eeda0f0bc9448d733444"
  integrity sha512-TuvHS8AOIZNAlE77WUDiR4rySV/VMptyMfcfeoMgs4P8apaZM3JrnbzBiixKUv+XR6i+BXrQh8WAnjaSPFO65Q==

purify-ts@^0.12.2:
  version "0.12.2"
  resolved "https://registry.yarnpkg.com/purify-ts/-/purify-ts-0.12.2.tgz#648b3c3d3becfa33d6444dc52c5021aee60e2390"
  integrity sha512-XtqlNy4CYhfsROLY4ZWqb5BokAr44Ko3OFx9hO5GVARLpPcuh4PE2p8yMxCGLnlPV0Br5SAPqVkwvkKuH3pYLA==

typescript@^3.3.3:
  version "3.3.3"
  resolved "https://registry.yarnpkg.com/typescript/-/typescript-3.3.3.tgz#f1657fc7daa27e1a8930758ace9ae8da31403221"
  integrity sha512-Y21Xqe54TBVp+VDSNbuDYdGw0BpoR/Q6wo/+35M8PAU0vipahnyduJWirxxdxjsAkS7hue53x2zp8gz7F05u0A==

uuid@^3.3.2:
  version "3.3.2"
  resolved "https://registry.yarnpkg.com/uuid/-/uuid-3.3.2.tgz#1b4af4955eb3077c501c23872fc6513811587131"
  integrity sha512-yXJmeNaw3DnnKAOKJE51sL/ZaYfWJRl1pK9dr19YFCu0ObS231AB1/LbqTKRAQ5kw8A90rA6fr4riOUpTZvQZA==
